
Microsoft Visual Studio Solution File, Format Version 12.00
# Visual Studio Version 16
VisualStudioVersion = 16.0.30503.244
MinimumVisualStudioVersion = 10.0.40219.1
Project("{FAE04EC0-301F-11D3-BF4B-00C04F79EFBC}") = "JenkinsDemo", "JenkinsDemo.csproj", "{154FC5C0-C58F-434B-B50A-FEB6F97E105A}"
EndProject
Global
	GlobalSection(SolutionConfigurationPlatforms) = preSolution
		Debug|Any CPU = Debug|Any CPU
		Release|Any CPU = Release|Any CPU
	EndGlobalSection
	GlobalSection(ProjectConfigurationPlatforms) = postSolution
		{154FC5C0-C58F-434B-B50A-FEB6F97E105A}.Debug|Any CPU.ActiveCfg = Debug|Any CPU
		{154FC5C0-C58F-434B-B50A-FEB6F97E105A}.Debug|Any CPU.Build.0 = Debug|Any CPU
		{154FC5C0-C58F-434B-B50A-FEB6F97E105A}.Release|Any CPU.ActiveCfg = Release|Any CPU
		{154FC5C0-C58F-434B-B50A-FEB6F97E105A}.Release|Any CPU.Build.0 = Release|Any CPU
	EndGlobalSection
	GlobalSection(SolutionProperties) = preSolution
		HideSolutionNode = FALSE
	EndGlobalSection
	GlobalSection(ExtensibilityGlobals) = postSolution
		SolutionGuid = {2E6A5DCA-4CDE-4274-A982-4BB4FA80C041}
	EndGlobalSection
EndGlobal
